---
ID: "688952df-8e8d-4ed5-b5ab-0822d80bc809"
Parent: "4abc5de2-7318-463b-80c3-90b966dde9a0"
Template: "ab86861a-6030-46c5-b394-e8f99e8b87db"
Path: /sitecore/templates/Project/VGW/GlobalPoker/Components/Rendering Parameters/BackgroundBlock
SharedFields:
- ID: "12c33f3f-86c5-43a5-aeb4-5598cec45116"
  Hint: __Base template
  Value: |
    {1930BBEB-7805-471A-A3BE-4858AC7CF696}
    {5C74E985-E055-43FF-B28C-DB6C6A6450A2}
- ID: "f7d48a55-2158-4f02-9356-756654404f73"
  Hint: __Standard values
  Value: "{DC7B74AB-13EA-4BA2-8A63-465E5AC77EBC}"
Languages:
- Language: en
  Versions:
  - Version: 1
    Fields:
    - ID: "25bed78c-4957-4165-998a-ca1b52f67497"
      Hint: __Created
      Value: 20240217T130307Z
    - ID: "52807595-0f8f-4b20-8d2a-cb71d28c6103"
      Hint: __Owner
      Value: |
        sitecore\JqXVeZpDYv
    - ID: "5dd74568-4d4b-44c1-b513-0af5f4cda34f"
      Hint: __Created by
      Value: |
        sitecore\JqXVeZpDYv
    - ID: "8cdc337e-a112-42fb-bbb4-4143751e123f"
      Hint: __Revision
      Value: "ed2842bd-3a89-499a-b859-ceb5d9bca0ad"
    - ID: "badd9cf9-53e0-4d0c-bcc0-2d784c282f6a"
      Hint: __Updated by
      Value: |
        sitecore\JqXVeZpDYv
    - ID: "d9cf14b1-fa16-4ba6-9288-e8a174d4d522"
      Hint: __Updated
      Value: 20240217T141115Z
