---
ID: "c78e42b3-faf3-408e-a62a-aec488b3d35e"
Parent: "12b9fa28-2922-47af-a342-5d2129f7f186"
Template: "ab86861a-6030-46c5-b394-e8f99e8b87db"
Path: /sitecore/templates/Project/VGW/ChumbaCasino/Components/Content Blocks/Rendering Parameters/Three Column Block
SharedFields:
- ID: "06d5295c-ed2f-4a54-9bf2-26228d113318"
  Hint: __Icon
  Value: office/32x32/elements3.png
- ID: "12c33f3f-86c5-43a5-aeb4-5598cec45116"
  Hint: __Base template
  Value: "{4247AAD4-EBDE-4994-998F-E067A51B1FE4}"
- ID: "f7d48a55-2158-4f02-9356-756654404f73"
  Hint: __Standard values
  Value: "{9D3C6187-9E7A-4863-BA28-BC434085289A}"
Languages:
- Language: en
  Fields:
  - ID: "b5e02ad9-d56f-4c41-a065-a133db87bdeb"
    Hint: __Display name
    Value: Three Column Block
  Versions:
  - Version: 1
    Fields:
    - ID: "25bed78c-4957-4165-998a-ca1b52f67497"
      Hint: __Created
      Value: 20240319T141537Z
    - ID: "52807595-0f8f-4b20-8d2a-cb71d28c6103"
      Hint: __Owner
      Value: |
        sitecore\iPRIsmIwmb
    - ID: "5dd74568-4d4b-44c1-b513-0af5f4cda34f"
      Hint: __Created by
      Value: |
        sitecore\iPRIsmIwmb
    - ID: "8cdc337e-a112-42fb-bbb4-4143751e123f"
      Hint: __Revision
      Value: "43c59c0a-66f0-4953-9f13-59f2cc6a77ea"
    - ID: "badd9cf9-53e0-4d0c-bcc0-2d784c282f6a"
      Hint: __Updated by
      Value: |
        sitecore\iPRIsmIwmb
    - ID: "d9cf14b1-fa16-4ba6-9288-e8a174d4d522"
      Hint: __Updated
      Value: 20240320T211522Z
