---
ID: "36ca3e3a-4857-4d1b-9d58-1625417d23e1"
Parent: "93905013-9585-4564-a687-3ec06569d8e8"
Template: "04646a89-996f-4ee7-878a-ffdbf1f0ef0d"
Path: /sitecore/layout/Renderings/Project/VGW/ChumbaCasino/Content Blocks/Four Items Block
SharedFields:
- ID: "037fe404-dd19-4bf7-8e30-4dadf68b27b0"
  Hint: componentName
  Value: FourItemsBlock
- ID: "06d5295c-ed2f-4a54-9bf2-26228d113318"
  Hint: __Icon
  Value: office/32x32/elements4.png
- ID: "1a7c85e5-dc0b-490d-9187-bb1dbcb4c72f"
  Hint: Datasource Template
  Value: /sitecore/templates/Project/VGW/ChumbaCasino/Components/Content Blocks/Four Items Block
- ID: "a77e8568-1ab3-44f1-a664-b7c37ec7810d"
  Hint: Parameters Template
  Value: "{89836116-C7F5-424E-94E4-8B1833454346}"
- ID: "e829c217-5e94-4306-9c48-2634b094fdc2"
  Hint: OtherProperties
  Value: IsAutoDatasourceRendering=true
Languages:
- Language: en
  Versions:
  - Version: 1
    Fields:
    - ID: "25bed78c-4957-4165-998a-ca1b52f67497"
      Hint: __Created
      Value: 20240319T185546Z
    - ID: "52807595-0f8f-4b20-8d2a-cb71d28c6103"
      Hint: __Owner
      Value: |
        sitecore\iPRIsmIwmb
    - ID: "5dd74568-4d4b-44c1-b513-0af5f4cda34f"
      Hint: __Created by
      Value: |
        sitecore\iPRIsmIwmb
    - ID: "8cdc337e-a112-42fb-bbb4-4143751e123f"
      Hint: __Revision
      Value: "bafb9f2a-0de3-4be0-bb51-9bc8be1f2fbb"
    - ID: "badd9cf9-53e0-4d0c-bcc0-2d784c282f6a"
      Hint: __Updated by
      Value: |
        sitecore\iPRIsmIwmb
    - ID: "d9cf14b1-fa16-4ba6-9288-e8a174d4d522"
      Hint: __Updated
      Value: 20240320T211423Z
