---
ID: "ec999958-15f8-431f-b786-313ac5041d1f"
Parent: "9786d2b4-715e-4d1d-b73d-3167d03d71b5"
Template: "ab86861a-6030-46c5-b394-e8f99e8b87db"
Path: /sitecore/templates/Feature/VGW/Page Content/Rendering Parameters/VideoBlock
SharedFields:
- ID: "12c33f3f-86c5-43a5-aeb4-5598cec45116"
  Hint: __Base template
  Value: |
    {1930BBEB-7805-471A-A3BE-4858AC7CF696}
    {4247AAD4-EBDE-4994-998F-E067A51B1FE4}
- ID: "f7d48a55-2158-4f02-9356-756654404f73"
  Hint: __Standard values
  Value: "{01D901FF-60E7-40CC-89A4-1D0A8ED40A10}"
Languages:
- Language: en
  Versions:
  - Version: 1
    Fields:
    - ID: "25bed78c-4957-4165-998a-ca1b52f67497"
      Hint: __Created
      Value: 20240211T233539Z
    - ID: "52807595-0f8f-4b20-8d2a-cb71d28c6103"
      Hint: __Owner
      Value: |
        sitecore\JqXVeZpDYv
    - ID: "5dd74568-4d4b-44c1-b513-0af5f4cda34f"
      Hint: __Created by
      Value: |
        sitecore\JqXVeZpDYv
    - ID: "8cdc337e-a112-42fb-bbb4-4143751e123f"
      Hint: __Revision
      Value: "cd58313a-4897-40c4-9749-fcec4700c1c4"
    - ID: "badd9cf9-53e0-4d0c-bcc0-2d784c282f6a"
      Hint: __Updated by
      Value: |
        sitecore\iPRIsmIwmb
    - ID: "d9cf14b1-fa16-4ba6-9288-e8a174d4d522"
      Hint: __Updated
      Value: 20240320T113635Z
