---
ID: "48b5b9a5-e81b-46a7-985e-f87b5727372c"
Parent: "a7c98a5d-7cc5-4636-a843-14b805efe3f6"
Template: "04646a89-996f-4ee7-878a-ffdbf1f0ef0d"
Path: /sitecore/layout/Renderings/Feature/VGW/Page Content/VideoBlock
SharedFields:
- ID: "037fe404-dd19-4bf7-8e30-4dadf68b27b0"
  Hint: componentName
  Value: VideoBlock
- ID: "06d5295c-ed2f-4a54-9bf2-26228d113318"
  Hint: __Icon
  Value: Office/32x32/film.png
- ID: "a77e8568-1ab3-44f1-a664-b7c37ec7810d"
  Hint: Parameters Template
  Value: "{EC999958-15F8-431F-B786-313AC5041D1F}"
- ID: "e829c217-5e94-4306-9c48-2634b094fdc2"
  Hint: OtherProperties
  Value: IsAutoDatasourceRendering=true
Languages:
- Language: en
  Fields:
  - ID: "b5e02ad9-d56f-4c41-a065-a133db87bdeb"
    Hint: __Display name
    Value: Video Block
  Versions:
  - Version: 1
    Fields:
    - ID: "25bed78c-4957-4165-998a-ca1b52f67497"
      Hint: __Created
      Value: 20240211T233410Z
    - ID: "52807595-0f8f-4b20-8d2a-cb71d28c6103"
      Hint: __Owner
      Value: |
        sitecore\JqXVeZpDYv
    - ID: "5dd74568-4d4b-44c1-b513-0af5f4cda34f"
      Hint: __Created by
      Value: |
        sitecore\JqXVeZpDYv
    - ID: "8cdc337e-a112-42fb-bbb4-4143751e123f"
      Hint: __Revision
      Value: "b15c1088-4c23-496a-a5ad-fdcab8ae11da"
    - ID: "badd9cf9-53e0-4d0c-bcc0-2d784c282f6a"
      Hint: __Updated by
      Value: |
        sitecore\iPRIsmIwmb
    - ID: "d9cf14b1-fa16-4ba6-9288-e8a174d4d522"
      Hint: __Updated
      Value: 20240319T145758Z
