---
ID: "95c4b805-75ce-4b83-8b89-fa9fe14a6886"
Parent: "996dc8e0-ed39-4de1-baf0-8849a32ed344"
Template: "04646a89-996f-4ee7-878a-ffdbf1f0ef0d"
Path: /sitecore/layout/Renderings/Feature/VGW/Page Structure/Background Block
SharedFields:
- ID: "037fe404-dd19-4bf7-8e30-4dadf68b27b0"
  Hint: componentName
  Value: BackgroundBlock
- ID: "069a8361-b1cd-437c-8c32-a3be78941446"
  Hint: Placeholders
  Value: "{087C151A-5609-4F9F-9B97-365F9EB913A7}"
- ID: "06d5295c-ed2f-4a54-9bf2-26228d113318"
  Hint: __Icon
  Value: Applications/32x32/form_blue.png
- ID: "1a7c85e5-dc0b-490d-9187-bb1dbcb4c72f"
  Hint: Datasource Template
  Value: 
- ID: "a77e8568-1ab3-44f1-a664-b7c37ec7810d"
  Hint: Parameters Template
  Value: "{055F0680-045A-4370-9572-A79AC6F8A070}"
- ID: "e441abe7-2ca3-4640-ae26-3789967925d7"
  Hint: Compatible Renderings
  Value: 
- ID: "e829c217-5e94-4306-9c48-2634b094fdc2"
  Hint: OtherProperties
  Value: IsRenderingsWithDynamicPlaceholders=true
Languages:
- Language: en
  Versions:
  - Version: 1
    Fields:
    - ID: "25bed78c-4957-4165-998a-ca1b52f67497"
      Hint: __Created
      Value: 20240319T141337Z
    - ID: "52807595-0f8f-4b20-8d2a-cb71d28c6103"
      Hint: __Owner
      Value: |
        sitecore\iPRIsmIwmb
    - ID: "5dd74568-4d4b-44c1-b513-0af5f4cda34f"
      Hint: __Created by
      Value: |
        sitecore\iPRIsmIwmb
    - ID: "8cdc337e-a112-42fb-bbb4-4143751e123f"
      Hint: __Revision
      Value: "b61064ca-258d-46d3-a85a-6059bb0e9015"
    - ID: "badd9cf9-53e0-4d0c-bcc0-2d784c282f6a"
      Hint: __Updated by
      Value: |
        sitecore\iPRIsmIwmb
    - ID: "d9cf14b1-fa16-4ba6-9288-e8a174d4d522"
      Hint: __Updated
      Value: 20240402T202531Z
